
Microsoft Visual Studio Solution File, Format Version 12.00
# Visual Studio Version 17
VisualStudioVersion = 17.1.32210.238
MinimumVisualStudioVersion = 10.0.40219.1
Project("{FAE04EC0-301F-11D3-BF4B-00C04F79EFBC}") = "WebAPIJwtTokenAuthentication", "WebAPIJwtTokenAuthentication\WebAPIJwtTokenAuthentication.csproj", "{93627B08-1BD9-4B2F-AA3C-F22D080C119D}"
EndProject
Global
	GlobalSection(SolutionConfigurationPlatforms) = preSolution
		Debug|Any CPU = Debug|Any CPU
		Release|Any CPU = Release|Any CPU
	EndGlobalSection
	GlobalSection(ProjectConfigurationPlatforms) = postSolution
		{93627B08-1BD9-4B2F-AA3C-F22D080C119D}.Debug|Any CPU.ActiveCfg = Debug|Any CPU
		{93627B08-1BD9-4B2F-AA3C-F22D080C119D}.Debug|Any CPU.Build.0 = Debug|Any CPU
		{93627B08-1BD9-4B2F-AA3C-F22D080C119D}.Release|Any CPU.ActiveCfg = Release|Any CPU
		{93627B08-1BD9-4B2F-AA3C-F22D080C119D}.Release|Any CPU.Build.0 = Release|Any CPU
	EndGlobalSection
	GlobalSection(SolutionProperties) = preSolution
		HideSolutionNode = FALSE
	EndGlobalSection
	GlobalSection(ExtensibilityGlobals) = postSolution
		SolutionGuid = {98160EA3-AD84-4A7A-9666-B85DDC5E22CE}
	EndGlobalSection
EndGlobal
